
Microsoft Visual Studio Solution File, Format Version 12.00
# Visual Studio Version 16
VisualStudioVersion = 16.0.32602.291
MinimumVisualStudioVersion = 10.0.40219.1
Project("{FAE04EC0-301F-11D3-BF4B-00C04F79EFBC}") = "Lab7WpfApp1", "Lab7WpfApp1\Lab7WpfApp1.csproj", "{53C8D139-3C37-41C6-ACC7-C4F3F8546E50}"
EndProject
Global
	GlobalSection(SolutionConfigurationPlatforms) = preSolution
		Debug|Any CPU = Debug|Any CPU
		Release|Any CPU = Release|Any CPU
	EndGlobalSection
	GlobalSection(ProjectConfigurationPlatforms) = postSolution
		{53C8D139-3C37-41C6-ACC7-C4F3F8546E50}.Debug|Any CPU.ActiveCfg = Debug|Any CPU
		{53C8D139-3C37-41C6-ACC7-C4F3F8546E50}.Debug|Any CPU.Build.0 = Debug|Any CPU
		{53C8D139-3C37-41C6-ACC7-C4F3F8546E50}.Release|Any CPU.ActiveCfg = Release|Any CPU
		{53C8D139-3C37-41C6-ACC7-C4F3F8546E50}.Release|Any CPU.Build.0 = Release|Any CPU
	EndGlobalSection
	GlobalSection(SolutionProperties) = preSolution
		HideSolutionNode = FALSE
	EndGlobalSection
	GlobalSection(ExtensibilityGlobals) = postSolution
		SolutionGuid = {E9836C2C-7326-48E8-A0B5-675C17FF1878}
	EndGlobalSection
EndGlobal
